
Microsoft Visual Studio Solution File, Format Version 12.00
# Visual Studio Version 17
VisualStudioVersion = 17.12.35707.178
MinimumVisualStudioVersion = 10.0.40219.1
Project("{FAE04EC0-301F-11D3-BF4B-00C04F79EFBC}") = "TaskCoreHub.Core", "TaskCoreHub.Core\TaskCoreHub.Core.csproj", "{C1F05B67-00BD-4740-8ABA-029534DE9474}"
EndProject
Project("{2150E333-8FDC-42A3-9474-1A3956D46DE8}") = "Documentation", "Documentation", "{FA38D6CE-8B9D-4F90-A8B2-030793A8BE22}"
EndProject
Project("{FAE04EC0-301F-11D3-BF4B-00C04F79EFBC}") = "TaskCoreHub.Api", "TaskCoreHub.Api\TaskCoreHub.Api.csproj", "{5032A531-968B-4597-9B50-549B17A56A47}"
EndProject
Project("{FAE04EC0-301F-11D3-BF4B-00C04F79EFBC}") = "TaskCoreHub.Application", "TaskCoreHub.Application\TaskCoreHub.Application.csproj", "{9782F435-9C8A-4297-9D4F-23619F3F72D8}"
EndProject
Project("{FAE04EC0-301F-11D3-BF4B-00C04F79EFBC}") = "TaskCoreHub.Infrastructure", "TaskCoreHub.Infrastructure\TaskCoreHub.Infrastructure.csproj", "{E4A183BD-DE04-47C3-A407-AC1933E0C08E}"
EndProject
Project("{2150E333-8FDC-42A3-9474-1A3956D46DE8}") = "Tests", "Tests", "{903AEE18-4663-47AE-AC70-0E053C0BA678}"
EndProject
Project("{FAE04EC0-301F-11D3-BF4B-00C04F79EFBC}") = "TaskCoreHub.Tests", "TaskCoreHub.Tests\TaskCoreHub.Tests.csproj", "{6F32A623-8212-4B32-934C-F30CD5DAA297}"
EndProject
Global
	GlobalSection(SolutionConfigurationPlatforms) = preSolution
		Debug|Any CPU = Debug|Any CPU
		Release|Any CPU = Release|Any CPU
	EndGlobalSection
	GlobalSection(ProjectConfigurationPlatforms) = postSolution
		{C1F05B67-00BD-4740-8ABA-029534DE9474}.Debug|Any CPU.ActiveCfg = Debug|Any CPU
		{C1F05B67-00BD-4740-8ABA-029534DE9474}.Debug|Any CPU.Build.0 = Debug|Any CPU
		{C1F05B67-00BD-4740-8ABA-029534DE9474}.Release|Any CPU.ActiveCfg = Release|Any CPU
		{C1F05B67-00BD-4740-8ABA-029534DE9474}.Release|Any CPU.Build.0 = Release|Any CPU
		{5032A531-968B-4597-9B50-549B17A56A47}.Debug|Any CPU.ActiveCfg = Debug|Any CPU
		{5032A531-968B-4597-9B50-549B17A56A47}.Debug|Any CPU.Build.0 = Debug|Any CPU
		{5032A531-968B-4597-9B50-549B17A56A47}.Release|Any CPU.ActiveCfg = Release|Any CPU
		{5032A531-968B-4597-9B50-549B17A56A47}.Release|Any CPU.Build.0 = Release|Any CPU
		{9782F435-9C8A-4297-9D4F-23619F3F72D8}.Debug|Any CPU.ActiveCfg = Debug|Any CPU
		{9782F435-9C8A-4297-9D4F-23619F3F72D8}.Debug|Any CPU.Build.0 = Debug|Any CPU
		{9782F435-9C8A-4297-9D4F-23619F3F72D8}.Release|Any CPU.ActiveCfg = Release|Any CPU
		{9782F435-9C8A-4297-9D4F-23619F3F72D8}.Release|Any CPU.Build.0 = Release|Any CPU
		{E4A183BD-DE04-47C3-A407-AC1933E0C08E}.Debug|Any CPU.ActiveCfg = Debug|Any CPU
		{E4A183BD-DE04-47C3-A407-AC1933E0C08E}.Debug|Any CPU.Build.0 = Debug|Any CPU
		{E4A183BD-DE04-47C3-A407-AC1933E0C08E}.Release|Any CPU.ActiveCfg = Release|Any CPU
		{E4A183BD-DE04-47C3-A407-AC1933E0C08E}.Release|Any CPU.Build.0 = Release|Any CPU
		{6F32A623-8212-4B32-934C-F30CD5DAA297}.Debug|Any CPU.ActiveCfg = Debug|Any CPU
		{6F32A623-8212-4B32-934C-F30CD5DAA297}.Debug|Any CPU.Build.0 = Debug|Any CPU
		{6F32A623-8212-4B32-934C-F30CD5DAA297}.Release|Any CPU.ActiveCfg = Release|Any CPU
		{6F32A623-8212-4B32-934C-F30CD5DAA297}.Release|Any CPU.Build.0 = Release|Any CPU
	EndGlobalSection
	GlobalSection(SolutionProperties) = preSolution
		HideSolutionNode = FALSE
	EndGlobalSection
	GlobalSection(NestedProjects) = preSolution
		{6F32A623-8212-4B32-934C-F30CD5DAA297} = {903AEE18-4663-47AE-AC70-0E053C0BA678}
	EndGlobalSection
EndGlobal
